// !$*UTF8*$!
{
	archiveVersion = 1;
	classes = {
	};
	objectVersion = 50;
	objects = {

/* Begin PBXBuildFile section */
		5584BFF725850F1A0076E721 /* NewContactTableViewController.swift in Sources */ = {isa = PBXBuildFile; fileRef = 5584BFF625850F190076E721 /* NewContactTableViewController.swift */; };
		5584C047258B1C730076E721 /* ContactTableViewCell.swift in Sources */ = {isa = PBXBuildFile; fileRef = 5584C046258B1C730076E721 /* ContactTableViewCell.swift */; };
		55A97F0D25820D4800D174F8 /* AppDelegate.swift in Sources */ = {isa = PBXBuildFile; fileRef = 55A97F0C25820D4800D174F8 /* AppDelegate.swift */; };
		55A97F0F25820D4800D174F8 /* SceneDelegate.swift in Sources */ = {isa = PBXBuildFile; fileRef = 55A97F0E25820D4800D174F8 /* SceneDelegate.swift */; };
		55A97F1425820D4800D174F8 /* Main.storyboard in Resources */ = {isa = PBXBuildFile; fileRef = 55A97F1225820D4800D174F8 /* Main.storyboard */; };
		55A97F1625820D4B00D174F8 /* Assets.xcassets in Resources */ = {isa = PBXBuildFile; fileRef = 55A97F1525820D4B00D174F8 /* Assets.xcassets */; };
		55A97F1925820D4B00D174F8 /* LaunchScreen.storyboard in Resources */ = {isa = PBXBuildFile; fileRef = 55A97F1725820D4B00D174F8 /* LaunchScreen.storyboard */; };
		55A97F272582124000D174F8 /* ContactsTableViewController.swift in Sources */ = {isa = PBXBuildFile; fileRef = 55A97F262582124000D174F8 /* ContactsTableViewController.swift */; };
		55A97F2B258212DF00D174F8 /* Contacts.swift in Sources */ = {isa = PBXBuildFile; fileRef = 55A97F2A258212DF00D174F8 /* Contacts.swift */; };
/* End PBXBuildFile section */

/* Begin PBXFileReference section */
		5584BFF625850F190076E721 /* NewContactTableViewController.swift */ = {isa = PBXFileReference; lastKnownFileType = sourcecode.swift; path = NewContactTableViewController.swift; sourceTree = "<group>"; };
		5584C046258B1C730076E721 /* ContactTableViewCell.swift */ = {isa = PBXFileReference; lastKnownFileType = sourcecode.swift; path = ContactTableViewCell.swift; sourceTree = "<group>"; };
		55A97F0925820D4800D174F8 /* Contacts.app */ = {isa = PBXFileReference; explicitFileType = wrapper.application; includeInIndex = 0; path = Contacts.app; sourceTree = BUILT_PRODUCTS_DIR; };
		55A97F0C25820D4800D174F8 /* AppDelegate.swift */ = {isa = PBXFileReference; lastKnownFileType = sourcecode.swift; path = AppDelegate.swift; sourceTree = "<group>"; };
		55A97F0E25820D4800D174F8 /* SceneDelegate.swift */ = {isa = PBXFileReference; lastKnownFileType = sourcecode.swift; path = SceneDelegate.swift; sourceTree = "<group>"; };
		55A97F1325820D4800D174F8 /* Base */ = {isa = PBXFileReference; lastKnownFileType = file.storyboard; name = Base; path = Base.lproj/Main.storyboard; sourceTree = "<group>"; };
		55A97F1525820D4B00D174F8 /* Assets.xcassets */ = {isa = PBXFileReference; lastKnownFileType = folder.assetcatalog; path = Assets.xcassets; sourceTree = "<group>"; };
		55A97F1825820D4B00D174F8 /* Base */ = {isa = PBXFileReference; lastKnownFileType = file.storyboard; name = Base; path = Base.lproj/LaunchScreen.storyboard; sourceTree = "<group>"; };
		55A97F1A25820D4B00D174F8 /* Info.plist */ = {isa = PBXFileReference; lastKnownFileType = text.plist.xml; path = Info.plist; sourceTree = "<group>"; };
		55A97F262582124000D174F8 /* ContactsTableViewController.swift */ = {isa = PBXFileReference; lastKnownFileType = sourcecode.swift; path = ContactsTableViewController.swift; sourceTree = "<group>"; };
		55A97F2A258212DF00D174F8 /* Contacts.swift */ = {isa = PBXFileReference; lastKnownFileType = sourcecode.swift; path = Contacts.swift; sourceTree = "<group>"; };
/* End PBXFileReference section */

/* Begin PBXFrameworksBuildPhase section */
		55A97F0625820D4800D174F8 /* Frameworks */ = {
			isa = PBXFrameworksBuildPhase;
			buildActionMask = 2147483647;
			files = (
			);
			runOnlyForDeploymentPostprocessing = 0;
		};
/* End PBXFrameworksBuildPhase section */

/* Begin PBXGroup section */
		55A97F0025820D4800D174F8 = {
			isa = PBXGroup;
			children = (
				55A97F0B25820D4800D174F8 /* Contacts */,
				55A97F0A25820D4800D174F8 /* Products */,
			);
			sourceTree = "<group>";
		};
		55A97F0A25820D4800D174F8 /* Products */ = {
			isa = PBXGroup;
			children = (
				55A97F0925820D4800D174F8 /* Contacts.app */,
			);
			name = Products;
			sourceTree = "<group>";
		};
		55A97F0B25820D4800D174F8 /* Contacts */ = {
			isa = PBXGroup;
			children = (
				55A97F0C25820D4800D174F8 /* AppDelegate.swift */,
				55A97F0E25820D4800D174F8 /* SceneDelegate.swift */,
				55A97F1225820D4800D174F8 /* Main.storyboard */,
				5584C046258B1C730076E721 /* ContactTableViewCell.swift */,
				5584BFF625850F190076E721 /* NewContactTableViewController.swift */,
				55A97F262582124000D174F8 /* ContactsTableViewController.swift */,
				55A97F1525820D4B00D174F8 /* Assets.xcassets */,
				55A97F1725820D4B00D174F8 /* LaunchScreen.storyboard */,
				55A97F1A25820D4B00D174F8 /* Info.plist */,
				55A97F2A258212DF00D174F8 /* Contacts.swift */,
			);
			path = Contacts;
			sourceTree = "<group>";
		};
/* End PBXGroup section */

/* Begin PBXNativeTarget section */
		55A97F0825820D4800D174F8 /* Contacts */ = {
			isa = PBXNativeTarget;
			buildConfigurationList = 55A97F1D25820D4B00D174F8 /* Build configuration list for PBXNativeTarget "Contacts" */;
			buildPhases = (
				55A97F0525820D4800D174F8 /* Sources */,
				55A97F0625820D4800D174F8 /* Frameworks */,
				55A97F0725820D4800D174F8 /* Resources */,
			);
			buildRules = (
			);
			dependencies = (
			);
			name = Contacts;
			productName = Contacts;
			productReference = 55A97F0925820D4800D174F8 /* Contacts.app */;
			productType = "com.apple.product-type.application";
		};
/* End PBXNativeTarget section */

/* Begin PBXProject section */
		55A97F0125820D4800D174F8 /* Project object */ = {
			isa = PBXProject;
			attributes = {
				LastSwiftUpdateCheck = 1210;
				LastUpgradeCheck = 1210;
				TargetAttributes = {
					55A97F0825820D4800D174F8 = {
						CreatedOnToolsVersion = 12.1;
					};
				};
			};
			buildConfigurationList = 55A97F0425820D4800D174F8 /* Build configuration list for PBXProject "Contacts" */;
			compatibilityVersion = "Xcode 9.3";
			developmentRegion = en;
			hasScannedForEncodings = 0;
			knownRegions = (
				en,
				Base,
			);
			mainGroup = 55A97F0025820D4800D174F8;
			productRefGroup = 55A97F0A25820D4800D174F8 /* Products */;
			projectDirPath = "";
			projectRoot = "";
			targets = (
				55A97F0825820D4800D174F8 /* Contacts */,
			);
		};
/* End PBXProject section */

/* Begin PBXResourcesBuildPhase section */
		55A97F0725820D4800D174F8 /* Resources */ = {
			isa = PBXResourcesBuildPhase;
			buildActionMask = 2147483647;
			files = (
				55A97F1925820D4B00D174F8 /* LaunchScreen.storyboard in Resources */,
				55A97F1625820D4B00D174F8 /* Assets.xcassets in Resources */,
				55A97F1425820D4800D174F8 /* Main.storyboard in Resources */,
			);
			runOnlyForDeploymentPostprocessing = 0;
		};
/* End PBXResourcesBuildPhase section */

/* Begin PBXSourcesBuildPhase section */
		55A97F0525820D4800D174F8 /* Sources */ = {
			isa = PBXSourcesBuildPhase;
			buildActionMask = 2147483647;
			files = (
				5584C047258B1C730076E721 /* ContactTableViewCell.swift in Sources */,
				55A97F2B258212DF00D174F8 /* Contacts.swift in Sources */,
				55A97F0D25820D4800D174F8 /* AppDelegate.swift in Sources */,
				5584BFF725850F1A0076E721 /* NewContactTableViewController.swift in Sources */,
				55A97F0F25820D4800D174F8 /* SceneDelegate.swift in Sources */,
				55A97F272582124000D174F8 /* ContactsTableViewController.swift in Sources */,
			);
			runOnlyForDeploymentPostprocessing = 0;
		};
/* End PBXSourcesBuildPhase section */

/* Begin PBXVariantGroup section */
		55A97F1225820D4800D174F8 /* Main.storyboard */ = {
			isa = PBXVariantGroup;
			children = (
				55A97F1325820D4800D174F8 /* Base */,
			);
			name = Main.storyboard;
			sourceTree = "<group>";
		};
		55A97F1725820D4B00D174F8 /* LaunchScreen.storyboard */ = {
			isa = PBXVariantGroup;
			children = (
				55A97F1825820D4B00D174F8 /* Base */,
			);
			name = LaunchScreen.storyboard;
			sourceTree = "<group>";
		};
/* End PBXVariantGroup section */

/* Begin XCBuildConfiguration section */
		55A97F1B25820D4B00D174F8 /* Debug */ = {
			isa = XCBuildConfiguration;
			buildSettings = {
				ALWAYS_SEARCH_USER_PATHS = NO;
				CLANG_ANALYZER_NONNULL = YES;
				CLANG_ANALYZER_NUMBER_OBJECT_CONVERSION = YES_AGGRESSIVE;
				CLANG_CXX_LANGUAGE_STANDARD = "gnu++14";
				CLANG_CXX_LIBRARY = "libc++";
				CLANG_ENABLE_MODULES = YES;
				CLANG_ENABLE_OBJC_ARC = YES;
				CLANG_ENABLE_OBJC_WEAK = YES;
				CLANG_WARN_BLOCK_CAPTURE_AUTORELEASING = YES;
				CLANG_WARN_BOOL_CONVERSION = YES;
				CLANG_WARN_COMMA = YES;
				CLANG_WARN_CONSTANT_CONVERSION = YES;
				CLANG_WARN_DEPRECATED_OBJC_IMPLEMENTATIONS = YES;
				CLANG_WARN_DIRECT_OBJC_ISA_USAGE = YES_ERROR;
				CLANG_WARN_DOCUMENTATION_COMMENTS = YES;
				CLANG_WARN_EMPTY_BODY = YES;
				CLANG_WARN_ENUM_CONVERSION = YES;
				CLANG_WARN_INFINITE_RECURSION = YES;
				CLANG_WARN_INT_CONVERSION = YES;
				CLANG_WARN_NON_LITERAL_NULL_CONVERSION = YES;
				CLANG_WARN_OBJC_IMPLICIT_RETAIN_SELF = YES;
				CLANG_WARN_OBJC_LITERAL_CONVERSION = YES;
				CLANG_WARN_OBJC_ROOT_CLASS = YES_ERROR;
				CLANG_WARN_QUOTED_INCLUDE_IN_FRAMEWORK_HEADER = YES;
				CLANG_WARN_RANGE_LOOP_ANALYSIS = YES;
				CLANG_WARN_STRICT_PROTOTYPES = YES;
				CLANG_WARN_SUSPICIOUS_MOVE = YES;
				CLANG_WARN_UNGUARDED_AVAILABILITY = YES_AGGRESSIVE;
				CLANG_WARN_UNREACHABLE_CODE = YES;
				CLANG_WARN__DUPLICATE_METHOD_MATCH = YES;
				COPY_PHASE_STRIP = NO;
				DEBUG_INFORMATION_FORMAT = dwarf;
				ENABLE_STRICT_OBJC_MSGSEND = YES;
				ENABLE_TESTABILITY = YES;
				GCC_C_LANGUAGE_STANDARD = gnu11;
				GCC_DYNAMIC_NO_PIC = NO;
				GCC_NO_COMMON_BLOCKS = YES;
				GCC_OPTIMIZATION_LEVEL = 0;
				GCC_PREPROCESSOR_DEFINITIONS = (
					"DEBUG=1",
					"$(inherited)",
				);
				GCC_WARN_64_TO_32_BIT_CONVERSION = YES;
				GCC_WARN_ABOUT_RETURN_TYPE = YES_ERROR;
				GCC_WARN_UNDECLARED_SELECTOR = YES;
				GCC_WARN_UNINITIALIZED_AUTOS = YES_AGGRESSIVE;
				GCC_WARN_UNUSED_FUNCTION = YES;
				GCC_WARN_UNUSED_VARIABLE = YES;
				IPHONEOS_DEPLOYMENT_TARGET = 14.1;
				MTL_ENABLE_DEBUG_INFO = INCLUDE_SOURCE;
				MTL_FAST_MATH = YES;
				ONLY_ACTIVE_ARCH = YES;
				SDKROOT = iphoneos;
				SWIFT_ACTIVE_COMPILATION_CONDITIONS = DEBUG;
				SWIFT_OPTIMIZATION_LEVEL = "-Onone";
			};
			name = Debug;
		};
		55A97F1C25820D4B00D174F8 /* Release */ = {
			isa = XCBuildConfiguration;
			buildSettings = {
				ALWAYS_SEARCH_USER_PATHS = NO;
				CLANG_ANALYZER_NONNULL = YES;
				CLANG_ANALYZER_NUMBER_OBJECT_CONVERSION = YES_AGGRESSIVE;
				CLANG_CXX_LANGUAGE_STANDARD = "gnu++14";
				CLANG_CXX_LIBRARY = "libc++";
				CLANG_ENABLE_MODULES = YES;
				CLANG_ENABLE_OBJC_ARC = YES;
				CLANG_ENABLE_OBJC_WEAK = YES;
				CLANG_WARN_BLOCK_CAPTURE_AUTORELEASING = YES;
				CLANG_WARN_BOOL_CONVERSION = YES;
				CLANG_WARN_COMMA = YES;
				CLANG_WARN_CONSTANT_CONVERSION = YES;
				CLANG_WARN_DEPRECATED_OBJC_IMPLEMENTATIONS = YES;
				CLANG_WARN_DIRECT_OBJC_ISA_USAGE = YES_ERROR;
				CLANG_WARN_DOCUMENTATION_COMMENTS = YES;
				CLANG_WARN_EMPTY_BODY = YES;
				CLANG_WARN_ENUM_CONVERSION = YES;
				CLANG_WARN_INFINITE_RECURSION = YES;
				CLANG_WARN_INT_CONVERSION = YES;
				CLANG_WARN_NON_LITERAL_NULL_CONVERSION = YES;
				CLANG_WARN_OBJC_IMPLICIT_RETAIN_SELF = YES;
				CLANG_WARN_OBJC_LITERAL_CONVERSION = YES;
				CLANG_WARN_OBJC_ROOT_CLASS = YES_ERROR;
				CLANG_WARN_QUOTED_INCLUDE_IN_FRAMEWORK_HEADER = YES;
				CLANG_WARN_RANGE_LOOP_ANALYSIS = YES;
				CLANG_WARN_STRICT_PROTOTYPES = YES;
				CLANG_WARN_SUSPICIOUS_MOVE = YES;
				CLANG_WARN_UNGUARDED_AVAILABILITY = YES_AGGRESSIVE;
				CLANG_WARN_UNREACHABLE_CODE = YES;
				CLANG_WARN__DUPLICATE_METHOD_MATCH = YES;
				COPY_PHASE_STRIP = NO;
				DEBUG_INFORMATION_FORMAT = "dwarf-with-dsym";
				ENABLE_NS_ASSERTIONS = NO;
				ENABLE_STRICT_OBJC_MSGSEND = YES;
				GCC_C_LANGUAGE_STANDARD = gnu11;
				GCC_NO_COMMON_BLOCKS = YES;
				GCC_WARN_64_TO_32_BIT_CONVERSION = YES;
				GCC_WARN_ABOUT_RETURN_TYPE = YES_ERROR;
				GCC_WARN_UNDECLARED_SELECTOR = YES;
				GCC_WARN_UNINITIALIZED_AUTOS = YES_AGGRESSIVE;
				GCC_WARN_UNUSED_FUNCTION = YES;
				GCC_WARN_UNUSED_VARIABLE = YES;
				IPHONEOS_DEPLOYMENT_TARGET = 14.1;
				MTL_ENABLE_DEBUG_INFO = NO;
				MTL_FAST_MATH = YES;
				SDKROOT = iphoneos;
				SWIFT_COMPILATION_MODE = wholemodule;
				SWIFT_OPTIMIZATION_LEVEL = "-O";
				VALIDATE_PRODUCT = YES;
			};
			name = Release;
		};
		55A97F1E25820D4B00D174F8 /* Debug */ = {
			isa = XCBuildConfiguration;
			buildSettings = {
				ASSETCATALOG_COMPILER_APPICON_NAME = AppIcon;
				ASSETCATALOG_COMPILER_GLOBAL_ACCENT_COLOR_NAME = AccentColor;
				CODE_SIGN_STYLE = Automatic;
				DEVELOPMENT_TEAM = 897Q38B98W;
				INFOPLIST_FILE = Contacts/Info.plist;
				LD_RUNPATH_SEARCH_PATHS = (
					"$(inherited)",
					"@executable_path/Frameworks",
				);
				PRODUCT_BUNDLE_IDENTIFIER = kz.andruxa.Contacts;
				PRODUCT_NAME = "$(TARGET_NAME)";
				SWIFT_VERSION = 5.0;
				TARGETED_DEVICE_FAMILY = 1;
			};
			name = Debug;
		};
		55A97F1F25820D4B00D174F8 /* Release */ = {
			isa = XCBuildConfiguration;
			buildSettings = {
				ASSETCATALOG_COMPILER_APPICON_NAME = AppIcon;
				ASSETCATALOG_COMPILER_GLOBAL_ACCENT_COLOR_NAME = AccentColor;
				CODE_SIGN_STYLE = Automatic;
				DEVELOPMENT_TEAM = 897Q38B98W;
				INFOPLIST_FILE = Contacts/Info.plist;
				LD_RUNPATH_SEARCH_PATHS = (
					"$(inherited)",
					"@executable_path/Frameworks",
				);
				PRODUCT_BUNDLE_IDENTIFIER = kz.andruxa.Contacts;
				PRODUCT_NAME = "$(TARGET_NAME)";
				SWIFT_VERSION = 5.0;
				TARGETED_DEVICE_FAMILY = 1;
			};
			name = Release;
		};
/* End XCBuildConfiguration section */

/* Begin XCConfigurationList section */
		55A97F0425820D4800D174F8 /* Build configuration list for PBXProject "Contacts" */ = {
			isa = XCConfigurationList;
			buildConfigurations = (
				55A97F1B25820D4B00D174F8 /* Debug */,
				55A97F1C25820D4B00D174F8 /* Release */,
			);
			defaultConfigurationIsVisible = 0;
			defaultConfigurationName = Release;
		};
		55A97F1D25820D4B00D174F8 /* Build configuration list for PBXNativeTarget "Contacts" */ = {
			isa = XCConfigurationList;
			buildConfigurations = (
				55A97F1E25820D4B00D174F8 /* Debug */,
				55A97F1F25820D4B00D174F8 /* Release */,
			);
			defaultConfigurationIsVisible = 0;
			defaultConfigurationName = Release;
		};
/* End XCConfigurationList section */
	};
	rootObject = 55A97F0125820D4800D174F8 /* Project object */;
}
